
Microsoft Visual Studio Solution File, Format Version 12.00
Project("{FAE04EC0-301F-11D3-BF4B-00C04F79EFBC}") = "SimplestWebView2App", "SimplestWebView2App.csproj", "{8131FE73-1528-472A-9DDE-E873DE1B4EAE}"
EndProject
Global
	GlobalSection(SolutionConfigurationPlatforms) = preSolution
		Debug|Any CPU = Debug|Any CPU
		Release|Any CPU = Release|Any CPU
	EndGlobalSection
	GlobalSection(ProjectConfigurationPlatforms) = postSolution
		{8131FE73-1528-472A-9DDE-E873DE1B4EAE}.Debug|Any CPU.ActiveCfg = Debug|Any CPU
		{8131FE73-1528-472A-9DDE-E873DE1B4EAE}.Debug|Any CPU.Build.0 = Debug|Any CPU
		{8131FE73-1528-472A-9DDE-E873DE1B4EAE}.Release|Any CPU.ActiveCfg = Release|Any CPU
		{8131FE73-1528-472A-9DDE-E873DE1B4EAE}.Release|Any CPU.Build.0 = Release|Any CPU
	EndGlobalSection
EndGlobal
